
Microsoft Visual Studio Solution File, Format Version 12.00
# Visual Studio Version 17
VisualStudioVersion = 17.2.32630.192
MinimumVisualStudioVersion = 10.0.40219.1
Project("{9A19103F-16F7-4668-BE54-9A1E7A4F7556}") = "GeometryDash.Server", "GeometryDash.Server\GeometryDash.Server.csproj", "{88050854-794B-47EA-A24B-39F356805015}"
EndProject
Global
	GlobalSection(SolutionConfigurationPlatforms) = preSolution
		Debug|Any CPU = Debug|Any CPU
		Release|Any CPU = Release|Any CPU
	EndGlobalSection
	GlobalSection(ProjectConfigurationPlatforms) = postSolution
		{88050854-794B-47EA-A24B-39F356805015}.Debug|Any CPU.ActiveCfg = Debug|Any CPU
		{88050854-794B-47EA-A24B-39F356805015}.Debug|Any CPU.Build.0 = Debug|Any CPU
		{88050854-794B-47EA-A24B-39F356805015}.Release|Any CPU.ActiveCfg = Release|Any CPU
		{88050854-794B-47EA-A24B-39F356805015}.Release|Any CPU.Build.0 = Release|Any CPU
	EndGlobalSection
	GlobalSection(SolutionProperties) = preSolution
		HideSolutionNode = FALSE
	EndGlobalSection
	GlobalSection(ExtensibilityGlobals) = postSolution
		SolutionGuid = {D3A03F82-D89F-40EC-B04F-294A8065C370}
	EndGlobalSection
EndGlobal
